// !$*UTF8*$!
{
	archiveVersion = 1;
	classes = {
	};
	objectVersion = 50;
	objects = {

/* Begin PBXBuildFile section */
		D3640A4D22FB0C2200B94480 /* File.swift in Sources */ = {isa = PBXBuildFile; fileRef = D3640A4C22FB0C2200B94480 /* File.swift */; };
		D38427BC22FAD8F9000F54CB /* Pet.swift in Sources */ = {isa = PBXBuildFile; fileRef = D38427BB22FAD8F9000F54CB /* Pet.swift */; };
		D38427BE22FADD5D000F54CB /* CatFormViewController.swift in Sources */ = {isa = PBXBuildFile; fileRef = D38427BD22FADD5D000F54CB /* CatFormViewController.swift */; };
		D38427C022FADF67000F54CB /* CatSuccessViewController.swift in Sources */ = {isa = PBXBuildFile; fileRef = D38427BF22FADF67000F54CB /* CatSuccessViewController.swift */; };
		D3DEBAB022F98DC1002D6D57 /* AppDelegate.swift in Sources */ = {isa = PBXBuildFile; fileRef = D3DEBAAF22F98DC1002D6D57 /* AppDelegate.swift */; };
		D3DEBAB522F98DC1002D6D57 /* Main.storyboard in Resources */ = {isa = PBXBuildFile; fileRef = D3DEBAB322F98DC1002D6D57 /* Main.storyboard */; };
		D3DEBAB722F98DC2002D6D57 /* Assets.xcassets in Resources */ = {isa = PBXBuildFile; fileRef = D3DEBAB622F98DC2002D6D57 /* Assets.xcassets */; };
		D3DEBABA22F98DC2002D6D57 /* LaunchScreen.storyboard in Resources */ = {isa = PBXBuildFile; fileRef = D3DEBAB822F98DC2002D6D57 /* LaunchScreen.storyboard */; };
		D3DEBAC522F98DC2002D6D57 /* MiawoufTests.swift in Sources */ = {isa = PBXBuildFile; fileRef = D3DEBAC422F98DC2002D6D57 /* MiawoufTests.swift */; };
		D3DEBAD022F98DC2002D6D57 /* MiawoufUITests.swift in Sources */ = {isa = PBXBuildFile; fileRef = D3DEBACF22F98DC2002D6D57 /* MiawoufUITests.swift */; };
		D3DEBAEC22F9B19F002D6D57 /* DogWelcomeViewController.swift in Sources */ = {isa = PBXBuildFile; fileRef = D3DEBAEB22F9B19F002D6D57 /* DogWelcomeViewController.swift */; };
		D3DEBAEE22F9B2C9002D6D57 /* DogFormViewController.swift in Sources */ = {isa = PBXBuildFile; fileRef = D3DEBAED22F9B2C9002D6D57 /* DogFormViewController.swift */; };
		D3DEBAF022F9B4D8002D6D57 /* DogSuccessViewController.swift in Sources */ = {isa = PBXBuildFile; fileRef = D3DEBAEF22F9B4D8002D6D57 /* DogSuccessViewController.swift */; };
		D3DEBAF422F9CB65002D6D57 /* CatWelcomeViewController.swift in Sources */ = {isa = PBXBuildFile; fileRef = D3DEBAF322F9CB65002D6D57 /* CatWelcomeViewController.swift */; };
/* End PBXBuildFile section */

/* Begin PBXContainerItemProxy section */
		D3DEBAC122F98DC2002D6D57 /* PBXContainerItemProxy */ = {
			isa = PBXContainerItemProxy;
			containerPortal = D3DEBAA422F98DC1002D6D57 /* Project object */;
			proxyType = 1;
			remoteGlobalIDString = D3DEBAAB22F98DC1002D6D57;
			remoteInfo = Miawouf;
		};
		D3DEBACC22F98DC2002D6D57 /* PBXContainerItemProxy */ = {
			isa = PBXContainerItemProxy;
			containerPortal = D3DEBAA422F98DC1002D6D57 /* Project object */;
			proxyType = 1;
			remoteGlobalIDString = D3DEBAAB22F98DC1002D6D57;
			remoteInfo = Miawouf;
		};
/* End PBXContainerItemProxy section */

/* Begin PBXFileReference section */
		D3640A4C22FB0C2200B94480 /* File.swift */ = {isa = PBXFileReference; lastKnownFileType = sourcecode.swift; path = File.swift; sourceTree = "<group>"; };
		D38427BA22FAD574000F54CB /* MyPlayground.playground */ = {isa = PBXFileReference; lastKnownFileType = file.playground; path = MyPlayground.playground; sourceTree = "<group>"; xcLanguageSpecificationIdentifier = xcode.lang.swift; };
		D38427BB22FAD8F9000F54CB /* Pet.swift */ = {isa = PBXFileReference; lastKnownFileType = sourcecode.swift; path = Pet.swift; sourceTree = "<group>"; };
		D38427BD22FADD5D000F54CB /* CatFormViewController.swift */ = {isa = PBXFileReference; lastKnownFileType = sourcecode.swift; path = CatFormViewController.swift; sourceTree = "<group>"; };
		D38427BF22FADF67000F54CB /* CatSuccessViewController.swift */ = {isa = PBXFileReference; lastKnownFileType = sourcecode.swift; path = CatSuccessViewController.swift; sourceTree = "<group>"; };
		D3DEBAAC22F98DC1002D6D57 /* Miawouf.app */ = {isa = PBXFileReference; explicitFileType = wrapper.application; includeInIndex = 0; path = Miawouf.app; sourceTree = BUILT_PRODUCTS_DIR; };
		D3DEBAAF22F98DC1002D6D57 /* AppDelegate.swift */ = {isa = PBXFileReference; lastKnownFileType = sourcecode.swift; path = AppDelegate.swift; sourceTree = "<group>"; };
		D3DEBAB422F98DC1002D6D57 /* Base */ = {isa = PBXFileReference; lastKnownFileType = file.storyboard; name = Base; path = Base.lproj/Main.storyboard; sourceTree = "<group>"; };
		D3DEBAB622F98DC2002D6D57 /* Assets.xcassets */ = {isa = PBXFileReference; lastKnownFileType = folder.assetcatalog; path = Assets.xcassets; sourceTree = "<group>"; };
		D3DEBAB922F98DC2002D6D57 /* Base */ = {isa = PBXFileReference; lastKnownFileType = file.storyboard; name = Base; path = Base.lproj/LaunchScreen.storyboard; sourceTree = "<group>"; };
		D3DEBABB22F98DC2002D6D57 /* Info.plist */ = {isa = PBXFileReference; lastKnownFileType = text.plist.xml; path = Info.plist; sourceTree = "<group>"; };
		D3DEBAC022F98DC2002D6D57 /* MiawoufTests.xctest */ = {isa = PBXFileReference; explicitFileType = wrapper.cfbundle; includeInIndex = 0; path = MiawoufTests.xctest; sourceTree = BUILT_PRODUCTS_DIR; };
		D3DEBAC422F98DC2002D6D57 /* MiawoufTests.swift */ = {isa = PBXFileReference; lastKnownFileType = sourcecode.swift; path = MiawoufTests.swift; sourceTree = "<group>"; };
		D3DEBAC622F98DC2002D6D57 /* Info.plist */ = {isa = PBXFileReference; lastKnownFileType = text.plist.xml; path = Info.plist; sourceTree = "<group>"; };
		D3DEBACB22F98DC2002D6D57 /* MiawoufUITests.xctest */ = {isa = PBXFileReference; explicitFileType = wrapper.cfbundle; includeInIndex = 0; path = MiawoufUITests.xctest; sourceTree = BUILT_PRODUCTS_DIR; };
		D3DEBACF22F98DC2002D6D57 /* MiawoufUITests.swift */ = {isa = PBXFileReference; lastKnownFileType = sourcecode.swift; path = MiawoufUITests.swift; sourceTree = "<group>"; };
		D3DEBAD122F98DC2002D6D57 /* Info.plist */ = {isa = PBXFileReference; lastKnownFileType = text.plist.xml; path = Info.plist; sourceTree = "<group>"; };
		D3DEBAEB22F9B19F002D6D57 /* DogWelcomeViewController.swift */ = {isa = PBXFileReference; lastKnownFileType = sourcecode.swift; path = DogWelcomeViewController.swift; sourceTree = "<group>"; };
		D3DEBAED22F9B2C9002D6D57 /* DogFormViewController.swift */ = {isa = PBXFileReference; lastKnownFileType = sourcecode.swift; path = DogFormViewController.swift; sourceTree = "<group>"; };
		D3DEBAEF22F9B4D8002D6D57 /* DogSuccessViewController.swift */ = {isa = PBXFileReference; lastKnownFileType = sourcecode.swift; path = DogSuccessViewController.swift; sourceTree = "<group>"; };
		D3DEBAF322F9CB65002D6D57 /* CatWelcomeViewController.swift */ = {isa = PBXFileReference; lastKnownFileType = sourcecode.swift; path = CatWelcomeViewController.swift; sourceTree = "<group>"; };
/* End PBXFileReference section */

/* Begin PBXFrameworksBuildPhase section */
		D3DEBAA922F98DC1002D6D57 /* Frameworks */ = {
			isa = PBXFrameworksBuildPhase;
			buildActionMask = 2147483647;
			files = (
			);
			runOnlyForDeploymentPostprocessing = 0;
		};
		D3DEBABD22F98DC2002D6D57 /* Frameworks */ = {
			isa = PBXFrameworksBuildPhase;
			buildActionMask = 2147483647;
			files = (
			);
			runOnlyForDeploymentPostprocessing = 0;
		};
		D3DEBAC822F98DC2002D6D57 /* Frameworks */ = {
			isa = PBXFrameworksBuildPhase;
			buildActionMask = 2147483647;
			files = (
			);
			runOnlyForDeploymentPostprocessing = 0;
		};
/* End PBXFrameworksBuildPhase section */

/* Begin PBXGroup section */
		D3DEBAA322F98DC1002D6D57 = {
			isa = PBXGroup;
			children = (
				D3DEBAAE22F98DC1002D6D57 /* Miawouf */,
				D3DEBAC322F98DC2002D6D57 /* MiawoufTests */,
				D3DEBACE22F98DC2002D6D57 /* MiawoufUITests */,
				D3DEBAAD22F98DC1002D6D57 /* Products */,
			);
			sourceTree = "<group>";
		};
		D3DEBAAD22F98DC1002D6D57 /* Products */ = {
			isa = PBXGroup;
			children = (
				D3DEBAAC22F98DC1002D6D57 /* Miawouf.app */,
				D3DEBAC022F98DC2002D6D57 /* MiawoufTests.xctest */,
				D3DEBACB22F98DC2002D6D57 /* MiawoufUITests.xctest */,
			);
			name = Products;
			sourceTree = "<group>";
		};
		D3DEBAAE22F98DC1002D6D57 /* Miawouf */ = {
			isa = PBXGroup;
			children = (
				D3DEBAAF22F98DC1002D6D57 /* AppDelegate.swift */,
				D3DEBADD22F990A1002D6D57 /* Model */,
				D3DEBAE022F990CC002D6D57 /* Supporting Files */,
				D3DEBADF22F990C1002D6D57 /* Controller */,
				D3DEBADE22F990AA002D6D57 /* View */,
				D3DEBABB22F98DC2002D6D57 /* Info.plist */,
			);
			path = Miawouf;
			sourceTree = "<group>";
		};
		D3DEBAC322F98DC2002D6D57 /* MiawoufTests */ = {
			isa = PBXGroup;
			children = (
				D3DEBAC422F98DC2002D6D57 /* MiawoufTests.swift */,
				D3DEBAC622F98DC2002D6D57 /* Info.plist */,
			);
			path = MiawoufTests;
			sourceTree = "<group>";
		};
		D3DEBACE22F98DC2002D6D57 /* MiawoufUITests */ = {
			isa = PBXGroup;
			children = (
				D3DEBACF22F98DC2002D6D57 /* MiawoufUITests.swift */,
				D3DEBAD122F98DC2002D6D57 /* Info.plist */,
			);
			path = MiawoufUITests;
			sourceTree = "<group>";
		};
		D3DEBADD22F990A1002D6D57 /* Model */ = {
			isa = PBXGroup;
			children = (
				D3640A4C22FB0C2200B94480 /* File.swift */,
				D38427BB22FAD8F9000F54CB /* Pet.swift */,
				D38427BA22FAD574000F54CB /* MyPlayground.playground */,
			);
			path = Model;
			sourceTree = "<group>";
		};
		D3DEBADE22F990AA002D6D57 /* View */ = {
			isa = PBXGroup;
			children = (
				D3DEBAB322F98DC1002D6D57 /* Main.storyboard */,
			);
			path = View;
			sourceTree = "<group>";
		};
		D3DEBADF22F990C1002D6D57 /* Controller */ = {
			isa = PBXGroup;
			children = (
				D3DEBAEF22F9B4D8002D6D57 /* DogSuccessViewController.swift */,
				D3DEBAED22F9B2C9002D6D57 /* DogFormViewController.swift */,
				D38427BD22FADD5D000F54CB /* CatFormViewController.swift */,
				D38427BF22FADF67000F54CB /* CatSuccessViewController.swift */,
				D3DEBAF322F9CB65002D6D57 /* CatWelcomeViewController.swift */,
				D3DEBAEB22F9B19F002D6D57 /* DogWelcomeViewController.swift */,
			);
			path = Controller;
			sourceTree = "<group>";
		};
		D3DEBAE022F990CC002D6D57 /* Supporting Files */ = {
			isa = PBXGroup;
			children = (
				D3DEBAB822F98DC2002D6D57 /* LaunchScreen.storyboard */,
				D3DEBAB622F98DC2002D6D57 /* Assets.xcassets */,
			);
			path = "Supporting Files";
			sourceTree = "<group>";
		};
/* End PBXGroup section */

/* Begin PBXNativeTarget section */
		D3DEBAAB22F98DC1002D6D57 /* Miawouf */ = {
			isa = PBXNativeTarget;
			buildConfigurationList = D3DEBAD422F98DC2002D6D57 /* Build configuration list for PBXNativeTarget "Miawouf" */;
			buildPhases = (
				D3DEBAA822F98DC1002D6D57 /* Sources */,
				D3DEBAA922F98DC1002D6D57 /* Frameworks */,
				D3DEBAAA22F98DC1002D6D57 /* Resources */,
			);
			buildRules = (
			);
			dependencies = (
			);
			name = Miawouf;
			productName = Miawouf;
			productReference = D3DEBAAC22F98DC1002D6D57 /* Miawouf.app */;
			productType = "com.apple.product-type.application";
		};
		D3DEBABF22F98DC2002D6D57 /* MiawoufTests */ = {
			isa = PBXNativeTarget;
			buildConfigurationList = D3DEBAD722F98DC2002D6D57 /* Build configuration list for PBXNativeTarget "MiawoufTests" */;
			buildPhases = (
				D3DEBABC22F98DC2002D6D57 /* Sources */,
				D3DEBABD22F98DC2002D6D57 /* Frameworks */,
				D3DEBABE22F98DC2002D6D57 /* Resources */,
			);
			buildRules = (
			);
			dependencies = (
				D3DEBAC222F98DC2002D6D57 /* PBXTargetDependency */,
			);
			name = MiawoufTests;
			productName = MiawoufTests;
			productReference = D3DEBAC022F98DC2002D6D57 /* MiawoufTests.xctest */;
			productType = "com.apple.product-type.bundle.unit-test";
		};
		D3DEBACA22F98DC2002D6D57 /* MiawoufUITests */ = {
			isa = PBXNativeTarget;
			buildConfigurationList = D3DEBADA22F98DC2002D6D57 /* Build configuration list for PBXNativeTarget "MiawoufUITests" */;
			buildPhases = (
				D3DEBAC722F98DC2002D6D57 /* Sources */,
				D3DEBAC822F98DC2002D6D57 /* Frameworks */,
				D3DEBAC922F98DC2002D6D57 /* Resources */,
			);
			buildRules = (
			);
			dependencies = (
				D3DEBACD22F98DC2002D6D57 /* PBXTargetDependency */,
			);
			name = MiawoufUITests;
			productName = MiawoufUITests;
			productReference = D3DEBACB22F98DC2002D6D57 /* MiawoufUITests.xctest */;
			productType = "com.apple.product-type.bundle.ui-testing";
		};
/* End PBXNativeTarget section */

/* Begin PBXProject section */
		D3DEBAA422F98DC1002D6D57 /* Project object */ = {
			isa = PBXProject;
			attributes = {
				LastSwiftUpdateCheck = 1020;
				LastUpgradeCheck = 1020;
				ORGANIZATIONNAME = "Lauriane Haydari";
				TargetAttributes = {
					D3DEBAAB22F98DC1002D6D57 = {
						CreatedOnToolsVersion = 10.2.1;
					};
					D3DEBABF22F98DC2002D6D57 = {
						CreatedOnToolsVersion = 10.2.1;
						TestTargetID = D3DEBAAB22F98DC1002D6D57;
					};
					D3DEBACA22F98DC2002D6D57 = {
						CreatedOnToolsVersion = 10.2.1;
						TestTargetID = D3DEBAAB22F98DC1002D6D57;
					};
				};
			};
			buildConfigurationList = D3DEBAA722F98DC1002D6D57 /* Build configuration list for PBXProject "Miawouf" */;
			compatibilityVersion = "Xcode 9.3";
			developmentRegion = en;
			hasScannedForEncodings = 0;
			knownRegions = (
				en,
				Base,
			);
			mainGroup = D3DEBAA322F98DC1002D6D57;
			productRefGroup = D3DEBAAD22F98DC1002D6D57 /* Products */;
			projectDirPath = "";
			projectRoot = "";
			targets = (
				D3DEBAAB22F98DC1002D6D57 /* Miawouf */,
				D3DEBABF22F98DC2002D6D57 /* MiawoufTests */,
				D3DEBACA22F98DC2002D6D57 /* MiawoufUITests */,
			);
		};
/* End PBXProject section */

/* Begin PBXResourcesBuildPhase section */
		D3DEBAAA22F98DC1002D6D57 /* Resources */ = {
			isa = PBXResourcesBuildPhase;
			buildActionMask = 2147483647;
			files = (
				D3DEBABA22F98DC2002D6D57 /* LaunchScreen.storyboard in Resources */,
				D3DEBAB722F98DC2002D6D57 /* Assets.xcassets in Resources */,
				D3DEBAB522F98DC1002D6D57 /* Main.storyboard in Resources */,
			);
			runOnlyForDeploymentPostprocessing = 0;
		};
		D3DEBABE22F98DC2002D6D57 /* Resources */ = {
			isa = PBXResourcesBuildPhase;
			buildActionMask = 2147483647;
			files = (
			);
			runOnlyForDeploymentPostprocessing = 0;
		};
		D3DEBAC922F98DC2002D6D57 /* Resources */ = {
			isa = PBXResourcesBuildPhase;
			buildActionMask = 2147483647;
			files = (
			);
			runOnlyForDeploymentPostprocessing = 0;
		};
/* End PBXResourcesBuildPhase section */

/* Begin PBXSourcesBuildPhase section */
		D3DEBAA822F98DC1002D6D57 /* Sources */ = {
			isa = PBXSourcesBuildPhase;
			buildActionMask = 2147483647;
			files = (
				D38427BC22FAD8F9000F54CB /* Pet.swift in Sources */,
				D38427C022FADF67000F54CB /* CatSuccessViewController.swift in Sources */,
				D38427BE22FADD5D000F54CB /* CatFormViewController.swift in Sources */,
				D3DEBAEC22F9B19F002D6D57 /* DogWelcomeViewController.swift in Sources */,
				D3DEBAB022F98DC1002D6D57 /* AppDelegate.swift in Sources */,
				D3DEBAEE22F9B2C9002D6D57 /* DogFormViewController.swift in Sources */,
				D3DEBAF022F9B4D8002D6D57 /* DogSuccessViewController.swift in Sources */,
				D3640A4D22FB0C2200B94480 /* File.swift in Sources */,
				D3DEBAF422F9CB65002D6D57 /* CatWelcomeViewController.swift in Sources */,
			);
			runOnlyForDeploymentPostprocessing = 0;
		};
		D3DEBABC22F98DC2002D6D57 /* Sources */ = {
			isa = PBXSourcesBuildPhase;
			buildActionMask = 2147483647;
			files = (
				D3DEBAC522F98DC2002D6D57 /* MiawoufTests.swift in Sources */,
			);
			runOnlyForDeploymentPostprocessing = 0;
		};
		D3DEBAC722F98DC2002D6D57 /* Sources */ = {
			isa = PBXSourcesBuildPhase;
			buildActionMask = 2147483647;
			files = (
				D3DEBAD022F98DC2002D6D57 /* MiawoufUITests.swift in Sources */,
			);
			runOnlyForDeploymentPostprocessing = 0;
		};
/* End PBXSourcesBuildPhase section */

/* Begin PBXTargetDependency section */
		D3DEBAC222F98DC2002D6D57 /* PBXTargetDependency */ = {
			isa = PBXTargetDependency;
			target = D3DEBAAB22F98DC1002D6D57 /* Miawouf */;
			targetProxy = D3DEBAC122F98DC2002D6D57 /* PBXContainerItemProxy */;
		};
		D3DEBACD22F98DC2002D6D57 /* PBXTargetDependency */ = {
			isa = PBXTargetDependency;
			target = D3DEBAAB22F98DC1002D6D57 /* Miawouf */;
			targetProxy = D3DEBACC22F98DC2002D6D57 /* PBXContainerItemProxy */;
		};
/* End PBXTargetDependency section */

/* Begin PBXVariantGroup section */
		D3DEBAB322F98DC1002D6D57 /* Main.storyboard */ = {
			isa = PBXVariantGroup;
			children = (
				D3DEBAB422F98DC1002D6D57 /* Base */,
			);
			name = Main.storyboard;
			sourceTree = "<group>";
		};
		D3DEBAB822F98DC2002D6D57 /* LaunchScreen.storyboard */ = {
			isa = PBXVariantGroup;
			children = (
				D3DEBAB922F98DC2002D6D57 /* Base */,
			);
			name = LaunchScreen.storyboard;
			sourceTree = "<group>";
		};
/* End PBXVariantGroup section */

/* Begin XCBuildConfiguration section */
		D3DEBAD222F98DC2002D6D57 /* Debug */ = {
			isa = XCBuildConfiguration;
			buildSettings = {
				ALWAYS_SEARCH_USER_PATHS = NO;
				CLANG_ANALYZER_NONNULL = YES;
				CLANG_ANALYZER_NUMBER_OBJECT_CONVERSION = YES_AGGRESSIVE;
				CLANG_CXX_LANGUAGE_STANDARD = "gnu++14";
				CLANG_CXX_LIBRARY = "libc++";
				CLANG_ENABLE_MODULES = YES;
				CLANG_ENABLE_OBJC_ARC = YES;
				CLANG_ENABLE_OBJC_WEAK = YES;
				CLANG_WARN_BLOCK_CAPTURE_AUTORELEASING = YES;
				CLANG_WARN_BOOL_CONVERSION = YES;
				CLANG_WARN_COMMA = YES;
				CLANG_WARN_CONSTANT_CONVERSION = YES;
				CLANG_WARN_DEPRECATED_OBJC_IMPLEMENTATIONS = YES;
				CLANG_WARN_DIRECT_OBJC_ISA_USAGE = YES_ERROR;
				CLANG_WARN_DOCUMENTATION_COMMENTS = YES;
				CLANG_WARN_EMPTY_BODY = YES;
				CLANG_WARN_ENUM_CONVERSION = YES;
				CLANG_WARN_INFINITE_RECURSION = YES;
				CLANG_WARN_INT_CONVERSION = YES;
				CLANG_WARN_NON_LITERAL_NULL_CONVERSION = YES;
				CLANG_WARN_OBJC_IMPLICIT_RETAIN_SELF = YES;
				CLANG_WARN_OBJC_LITERAL_CONVERSION = YES;
				CLANG_WARN_OBJC_ROOT_CLASS = YES_ERROR;
				CLANG_WARN_RANGE_LOOP_ANALYSIS = YES;
				CLANG_WARN_STRICT_PROTOTYPES = YES;
				CLANG_WARN_SUSPICIOUS_MOVE = YES;
				CLANG_WARN_UNGUARDED_AVAILABILITY = YES_AGGRESSIVE;
				CLANG_WARN_UNREACHABLE_CODE = YES;
				CLANG_WARN__DUPLICATE_METHOD_MATCH = YES;
				CODE_SIGN_IDENTITY = "iPhone Developer";
				COPY_PHASE_STRIP = NO;
				DEBUG_INFORMATION_FORMAT = dwarf;
				ENABLE_STRICT_OBJC_MSGSEND = YES;
				ENABLE_TESTABILITY = YES;
				GCC_C_LANGUAGE_STANDARD = gnu11;
				GCC_DYNAMIC_NO_PIC = NO;
				GCC_NO_COMMON_BLOCKS = YES;
				GCC_OPTIMIZATION_LEVEL = 0;
				GCC_PREPROCESSOR_DEFINITIONS = (
					"DEBUG=1",
					"$(inherited)",
				);
				GCC_WARN_64_TO_32_BIT_CONVERSION = YES;
				GCC_WARN_ABOUT_RETURN_TYPE = YES_ERROR;
				GCC_WARN_UNDECLARED_SELECTOR = YES;
				GCC_WARN_UNINITIALIZED_AUTOS = YES_AGGRESSIVE;
				GCC_WARN_UNUSED_FUNCTION = YES;
				GCC_WARN_UNUSED_VARIABLE = YES;
				IPHONEOS_DEPLOYMENT_TARGET = 12.2;
				MTL_ENABLE_DEBUG_INFO = INCLUDE_SOURCE;
				MTL_FAST_MATH = YES;
				ONLY_ACTIVE_ARCH = YES;
				SDKROOT = iphoneos;
				SWIFT_ACTIVE_COMPILATION_CONDITIONS = DEBUG;
				SWIFT_OPTIMIZATION_LEVEL = "-Onone";
			};
			name = Debug;
		};
		D3DEBAD322F98DC2002D6D57 /* Release */ = {
			isa = XCBuildConfiguration;
			buildSettings = {
				ALWAYS_SEARCH_USER_PATHS = NO;
				CLANG_ANALYZER_NONNULL = YES;
				CLANG_ANALYZER_NUMBER_OBJECT_CONVERSION = YES_AGGRESSIVE;
				CLANG_CXX_LANGUAGE_STANDARD = "gnu++14";
				CLANG_CXX_LIBRARY = "libc++";
				CLANG_ENABLE_MODULES = YES;
				CLANG_ENABLE_OBJC_ARC = YES;
				CLANG_ENABLE_OBJC_WEAK = YES;
				CLANG_WARN_BLOCK_CAPTURE_AUTORELEASING = YES;
				CLANG_WARN_BOOL_CONVERSION = YES;
				CLANG_WARN_COMMA = YES;
				CLANG_WARN_CONSTANT_CONVERSION = YES;
				CLANG_WARN_DEPRECATED_OBJC_IMPLEMENTATIONS = YES;
				CLANG_WARN_DIRECT_OBJC_ISA_USAGE = YES_ERROR;
				CLANG_WARN_DOCUMENTATION_COMMENTS = YES;
				CLANG_WARN_EMPTY_BODY = YES;
				CLANG_WARN_ENUM_CONVERSION = YES;
				CLANG_WARN_INFINITE_RECURSION = YES;
				CLANG_WARN_INT_CONVERSION = YES;
				CLANG_WARN_NON_LITERAL_NULL_CONVERSION = YES;
				CLANG_WARN_OBJC_IMPLICIT_RETAIN_SELF = YES;
				CLANG_WARN_OBJC_LITERAL_CONVERSION = YES;
				CLANG_WARN_OBJC_ROOT_CLASS = YES_ERROR;
				CLANG_WARN_RANGE_LOOP_ANALYSIS = YES;
				CLANG_WARN_STRICT_PROTOTYPES = YES;
				CLANG_WARN_SUSPICIOUS_MOVE = YES;
				CLANG_WARN_UNGUARDED_AVAILABILITY = YES_AGGRESSIVE;
				CLANG_WARN_UNREACHABLE_CODE = YES;
				CLANG_WARN__DUPLICATE_METHOD_MATCH = YES;
				CODE_SIGN_IDENTITY = "iPhone Developer";
				COPY_PHASE_STRIP = NO;
				DEBUG_INFORMATION_FORMAT = "dwarf-with-dsym";
				ENABLE_NS_ASSERTIONS = NO;
				ENABLE_STRICT_OBJC_MSGSEND = YES;
				GCC_C_LANGUAGE_STANDARD = gnu11;
				GCC_NO_COMMON_BLOCKS = YES;
				GCC_WARN_64_TO_32_BIT_CONVERSION = YES;
				GCC_WARN_ABOUT_RETURN_TYPE = YES_ERROR;
				GCC_WARN_UNDECLARED_SELECTOR = YES;
				GCC_WARN_UNINITIALIZED_AUTOS = YES_AGGRESSIVE;
				GCC_WARN_UNUSED_FUNCTION = YES;
				GCC_WARN_UNUSED_VARIABLE = YES;
				IPHONEOS_DEPLOYMENT_TARGET = 12.2;
				MTL_ENABLE_DEBUG_INFO = NO;
				MTL_FAST_MATH = YES;
				SDKROOT = iphoneos;
				SWIFT_COMPILATION_MODE = wholemodule;
				SWIFT_OPTIMIZATION_LEVEL = "-O";
				VALIDATE_PRODUCT = YES;
			};
			name = Release;
		};
		D3DEBAD522F98DC2002D6D57 /* Debug */ = {
			isa = XCBuildConfiguration;
			buildSettings = {
				ASSETCATALOG_COMPILER_APPICON_NAME = AppIcon;
				CODE_SIGN_STYLE = Automatic;
				DEVELOPMENT_TEAM = 568UZNMWK9;
				INFOPLIST_FILE = Miawouf/Info.plist;
				LD_RUNPATH_SEARCH_PATHS = (
					"$(inherited)",
					"@executable_path/Frameworks",
				);
				PRODUCT_BUNDLE_IDENTIFIER = "haydari-lauriane.com.Miawouf";
				PRODUCT_NAME = "$(TARGET_NAME)";
				SWIFT_VERSION = 5.0;
				TARGETED_DEVICE_FAMILY = "1,2";
			};
			name = Debug;
		};
		D3DEBAD622F98DC2002D6D57 /* Release */ = {
			isa = XCBuildConfiguration;
			buildSettings = {
				ASSETCATALOG_COMPILER_APPICON_NAME = AppIcon;
				CODE_SIGN_STYLE = Automatic;
				DEVELOPMENT_TEAM = 568UZNMWK9;
				INFOPLIST_FILE = Miawouf/Info.plist;
				LD_RUNPATH_SEARCH_PATHS = (
					"$(inherited)",
					"@executable_path/Frameworks",
				);
				PRODUCT_BUNDLE_IDENTIFIER = "haydari-lauriane.com.Miawouf";
				PRODUCT_NAME = "$(TARGET_NAME)";
				SWIFT_VERSION = 5.0;
				TARGETED_DEVICE_FAMILY = "1,2";
			};
			name = Release;
		};
		D3DEBAD822F98DC2002D6D57 /* Debug */ = {
			isa = XCBuildConfiguration;
			buildSettings = {
				ALWAYS_EMBED_SWIFT_STANDARD_LIBRARIES = YES;
				BUNDLE_LOADER = "$(TEST_HOST)";
				CODE_SIGN_STYLE = Automatic;
				DEVELOPMENT_TEAM = 568UZNMWK9;
				INFOPLIST_FILE = MiawoufTests/Info.plist;
				LD_RUNPATH_SEARCH_PATHS = (
					"$(inherited)",
					"@executable_path/Frameworks",
					"@loader_path/Frameworks",
				);
				PRODUCT_BUNDLE_IDENTIFIER = "haydari-lauriane.com.MiawoufTests";
				PRODUCT_NAME = "$(TARGET_NAME)";
				SWIFT_VERSION = 5.0;
				TARGETED_DEVICE_FAMILY = "1,2";
				TEST_HOST = "$(BUILT_PRODUCTS_DIR)/Miawouf.app/Miawouf";
			};
			name = Debug;
		};
		D3DEBAD922F98DC2002D6D57 /* Release */ = {
			isa = XCBuildConfiguration;
			buildSettings = {
				ALWAYS_EMBED_SWIFT_STANDARD_LIBRARIES = YES;
				BUNDLE_LOADER = "$(TEST_HOST)";
				CODE_SIGN_STYLE = Automatic;
				DEVELOPMENT_TEAM = 568UZNMWK9;
				INFOPLIST_FILE = MiawoufTests/Info.plist;
				LD_RUNPATH_SEARCH_PATHS = (
					"$(inherited)",
					"@executable_path/Frameworks",
					"@loader_path/Frameworks",
				);
				PRODUCT_BUNDLE_IDENTIFIER = "haydari-lauriane.com.MiawoufTests";
				PRODUCT_NAME = "$(TARGET_NAME)";
				SWIFT_VERSION = 5.0;
				TARGETED_DEVICE_FAMILY = "1,2";
				TEST_HOST = "$(BUILT_PRODUCTS_DIR)/Miawouf.app/Miawouf";
			};
			name = Release;
		};
		D3DEBADB22F98DC2002D6D57 /* Debug */ = {
			isa = XCBuildConfiguration;
			buildSettings = {
				ALWAYS_EMBED_SWIFT_STANDARD_LIBRARIES = YES;
				CODE_SIGN_STYLE = Automatic;
				DEVELOPMENT_TEAM = 568UZNMWK9;
				INFOPLIST_FILE = MiawoufUITests/Info.plist;
				LD_RUNPATH_SEARCH_PATHS = (
					"$(inherited)",
					"@executable_path/Frameworks",
					"@loader_path/Frameworks",
				);
				PRODUCT_BUNDLE_IDENTIFIER = "haydari-lauriane.com.MiawoufUITests";
				PRODUCT_NAME = "$(TARGET_NAME)";
				SWIFT_VERSION = 5.0;
				TARGETED_DEVICE_FAMILY = "1,2";
				TEST_TARGET_NAME = Miawouf;
			};
			name = Debug;
		};
		D3DEBADC22F98DC2002D6D57 /* Release */ = {
			isa = XCBuildConfiguration;
			buildSettings = {
				ALWAYS_EMBED_SWIFT_STANDARD_LIBRARIES = YES;
				CODE_SIGN_STYLE = Automatic;
				DEVELOPMENT_TEAM = 568UZNMWK9;
				INFOPLIST_FILE = MiawoufUITests/Info.plist;
				LD_RUNPATH_SEARCH_PATHS = (
					"$(inherited)",
					"@executable_path/Frameworks",
					"@loader_path/Frameworks",
				);
				PRODUCT_BUNDLE_IDENTIFIER = "haydari-lauriane.com.MiawoufUITests";
				PRODUCT_NAME = "$(TARGET_NAME)";
				SWIFT_VERSION = 5.0;
				TARGETED_DEVICE_FAMILY = "1,2";
				TEST_TARGET_NAME = Miawouf;
			};
			name = Release;
		};
/* End XCBuildConfiguration section */

/* Begin XCConfigurationList section */
		D3DEBAA722F98DC1002D6D57 /* Build configuration list for PBXProject "Miawouf" */ = {
			isa = XCConfigurationList;
			buildConfigurations = (
				D3DEBAD222F98DC2002D6D57 /* Debug */,
				D3DEBAD322F98DC2002D6D57 /* Release */,
			);
			defaultConfigurationIsVisible = 0;
			defaultConfigurationName = Release;
		};
		D3DEBAD422F98DC2002D6D57 /* Build configuration list for PBXNativeTarget "Miawouf" */ = {
			isa = XCConfigurationList;
			buildConfigurations = (
				D3DEBAD522F98DC2002D6D57 /* Debug */,
				D3DEBAD622F98DC2002D6D57 /* Release */,
			);
			defaultConfigurationIsVisible = 0;
			defaultConfigurationName = Release;
		};
		D3DEBAD722F98DC2002D6D57 /* Build configuration list for PBXNativeTarget "MiawoufTests" */ = {
			isa = XCConfigurationList;
			buildConfigurations = (
				D3DEBAD822F98DC2002D6D57 /* Debug */,
				D3DEBAD922F98DC2002D6D57 /* Release */,
			);
			defaultConfigurationIsVisible = 0;
			defaultConfigurationName = Release;
		};
		D3DEBADA22F98DC2002D6D57 /* Build configuration list for PBXNativeTarget "MiawoufUITests" */ = {
			isa = XCConfigurationList;
			buildConfigurations = (
				D3DEBADB22F98DC2002D6D57 /* Debug */,
				D3DEBADC22F98DC2002D6D57 /* Release */,
			);
			defaultConfigurationIsVisible = 0;
			defaultConfigurationName = Release;
		};
/* End XCConfigurationList section */
	};
	rootObject = D3DEBAA422F98DC1002D6D57 /* Project object */;
}
